
Microsoft Visual Studio Solution File, Format Version 12.00
# Visual Studio Version 16
VisualStudioVersion = 16.0.30011.22
MinimumVisualStudioVersion = 10.0.40219.1
Project("{FAE04EC0-301F-11D3-BF4B-00C04F79EFBC}") = "EpidemicTracker.Api", "EpidemicTracker.Api\EpidemicTracker.Api.csproj", "{7F3C5B3C-101D-4EA9-B89D-B9DEF4357937}"
EndProject
Project("{FAE04EC0-301F-11D3-BF4B-00C04F79EFBC}") = "EpidemicTracker.Data", "EpidemicTracker.Data\EpidemicTracker.Data.csproj", "{5CF8D362-657B-4D7E-9D25-F79D3197A3CA}"
EndProject
Global
	GlobalSection(SolutionConfigurationPlatforms) = preSolution
		Debug|Any CPU = Debug|Any CPU
		Release|Any CPU = Release|Any CPU
	EndGlobalSection
	GlobalSection(ProjectConfigurationPlatforms) = postSolution
		{7F3C5B3C-101D-4EA9-B89D-B9DEF4357937}.Debug|Any CPU.ActiveCfg = Debug|Any CPU
		{7F3C5B3C-101D-4EA9-B89D-B9DEF4357937}.Debug|Any CPU.Build.0 = Debug|Any CPU
		{7F3C5B3C-101D-4EA9-B89D-B9DEF4357937}.Release|Any CPU.ActiveCfg = Release|Any CPU
		{7F3C5B3C-101D-4EA9-B89D-B9DEF4357937}.Release|Any CPU.Build.0 = Release|Any CPU
		{5CF8D362-657B-4D7E-9D25-F79D3197A3CA}.Debug|Any CPU.ActiveCfg = Debug|Any CPU
		{5CF8D362-657B-4D7E-9D25-F79D3197A3CA}.Debug|Any CPU.Build.0 = Debug|Any CPU
		{5CF8D362-657B-4D7E-9D25-F79D3197A3CA}.Release|Any CPU.ActiveCfg = Release|Any CPU
		{5CF8D362-657B-4D7E-9D25-F79D3197A3CA}.Release|Any CPU.Build.0 = Release|Any CPU
	EndGlobalSection
	GlobalSection(SolutionProperties) = preSolution
		HideSolutionNode = FALSE
	EndGlobalSection
	GlobalSection(ExtensibilityGlobals) = postSolution
		SolutionGuid = {D7C4F709-76D8-499D-9E18-0FC136703CEB}
	EndGlobalSection
EndGlobal
